
Microsoft Visual Studio Solution File, Format Version 12.00
# Visual Studio Version 16
VisualStudioVersion = 16.0.30225.117
MinimumVisualStudioVersion = 10.0.40219.1
Project("{FAE04EC0-301F-11D3-BF4B-00C04F79EFBC}") = "day 1 to check prime no", "day 1 to check prime no.\day 1 to check prime no.csproj", "{4D5342FA-DC9D-4345-9474-2F3BFBF1D141}"
EndProject
Global
	GlobalSection(SolutionConfigurationPlatforms) = preSolution
		Debug|Any CPU = Debug|Any CPU
		Release|Any CPU = Release|Any CPU
	EndGlobalSection
	GlobalSection(ProjectConfigurationPlatforms) = postSolution
		{4D5342FA-DC9D-4345-9474-2F3BFBF1D141}.Debug|Any CPU.ActiveCfg = Debug|Any CPU
		{4D5342FA-DC9D-4345-9474-2F3BFBF1D141}.Debug|Any CPU.Build.0 = Debug|Any CPU
		{4D5342FA-DC9D-4345-9474-2F3BFBF1D141}.Release|Any CPU.ActiveCfg = Release|Any CPU
		{4D5342FA-DC9D-4345-9474-2F3BFBF1D141}.Release|Any CPU.Build.0 = Release|Any CPU
	EndGlobalSection
	GlobalSection(SolutionProperties) = preSolution
		HideSolutionNode = FALSE
	EndGlobalSection
	GlobalSection(ExtensibilityGlobals) = postSolution
		SolutionGuid = {DB4F8283-F140-42DA-B5A5-9CC4AA48C05D}
	EndGlobalSection
EndGlobal
